<?xml version="1.0" encoding="utf-8"?>
<Project ToolsVersion="4.0" xmlns="http://schemas.microsoft.com/developer/msbuild/2003">
  <ItemGroup>
    <Filter Include="source">
      <UniqueIdentifier>{9b80506c-30eb-4345-8bb8-97dd1ca02cb2}</UniqueIdentifier>
    </Filter>
    <Filter Include="source\accelerators">
      <UniqueIdentifier>{77797f64-5d32-4e5d-8e63-c85570ecc25d}</UniqueIdentifier>
    </Filter>
    <Filter Include="source\bsdfs">
      <UniqueIdentifier>{82c7f9c0-f94f-47a8-9752-b436b2ecca10}</UniqueIdentifier>
    </Filter>
    <Filter Include="source\cameras">
      <UniqueIdentifier>{fc1dd62b-d18a-4039-91a2-606a20bff043}</UniqueIdentifier>
    </Filter>
    <Filter Include="source\core">
      <UniqueIdentifier>{2c766cdb-d3e4-4515-9193-aa5564bf3d44}</UniqueIdentifier>
    </Filter>
    <Filter Include="source\entities">
      <UniqueIdentifier>{cdfa3e1f-57d2-43d3-a25b-e31bfa45f2a1}</UniqueIdentifier>
    </Filter>
    <Filter Include="source\film">
      <UniqueIdentifier>{bfe515d6-ebf5-43fe-900c-76cc4e884b81}</UniqueIdentifier>
    </Filter>
    <Filter Include="source\filters">
      <UniqueIdentifier>{b2f2f526-c032-4a52-bdbd-eabf6661a8d7}</UniqueIdentifier>
    </Filter>
    <Filter Include="source\images">
      <UniqueIdentifier>{a37b7b1b-50f8-46a0-bf88-b889e8f82a82}</UniqueIdentifier>
    </Filter>
    <Filter Include="source\integrators">
      <UniqueIdentifier>{5b340940-2392-4e40-9666-b86e64dd8d31}</UniqueIdentifier>
    </Filter>
    <Filter Include="source\intersection">
      <UniqueIdentifier>{47ebeda2-c0c2-46f6-b4dd-4c1ceae22f48}</UniqueIdentifier>
    </Filter>
    <Filter Include="source\lighting">
      <UniqueIdentifier>{6b89b7a4-15e4-4ba4-aaa2-2bc559df84a8}</UniqueIdentifier>
    </Filter>
    <Filter Include="source\materials">
      <UniqueIdentifier>{f3eddb1f-e09a-41db-b450-4a9d227b0654}</UniqueIdentifier>
    </Filter>
    <Filter Include="source\meshes">
      <UniqueIdentifier>{1e381ac9-cfeb-452f-a82a-5da85def4bb0}</UniqueIdentifier>
    </Filter>
    <Filter Include="source\primitives">
      <UniqueIdentifier>{1f84fab6-b63c-44ea-9c2a-7fa5483951ff}</UniqueIdentifier>
    </Filter>
    <Filter Include="source\samplers">
      <UniqueIdentifier>{0cd0b53d-10e7-4330-95f9-67ce2b940f4f}</UniqueIdentifier>
    </Filter>
    <Filter Include="source\spectra">
      <UniqueIdentifier>{543b4c39-2505-4d41-bedc-ec625c9061e3}</UniqueIdentifier>
    </Filter>
    <Filter Include="source\textures">
      <UniqueIdentifier>{3261704f-1fc4-41e7-8add-f6c40ab36c12}</UniqueIdentifier>
    </Filter>
    <Filter Include="source\tools">
      <UniqueIdentifier>{181ce557-8582-477c-b7e1-8cb058085785}</UniqueIdentifier>
    </Filter>
    <Filter Include="examples">
      <UniqueIdentifier>{499a98b4-34e8-41f1-ae5a-b7ce3a2ee569}</UniqueIdentifier>
    </Filter>
  </ItemGroup>
  <ItemGroup>
    <ClInclude Include="..\source\accelerators\bb-accelerator.h">
      <Filter>source\accelerators</Filter>
    </ClInclude>
    <ClInclude Include="..\source\accelerators\bounding-box.h">
      <Filter>source\accelerators</Filter>
    </ClInclude>
    <ClInclude Include="..\source\bsdfs\bsdf.h">
      <Filter>source\bsdfs</Filter>
    </ClInclude>
    <ClInclude Include="..\source\bsdfs\bsdf-sample.h">
      <Filter>source\bsdfs</Filter>
    </ClInclude>
    <ClInclude Include="..\source\bsdfs\bxdf.h">
      <Filter>source\bsdfs</Filter>
    </ClInclude>
    <ClInclude Include="..\source\bsdfs\diffuse-brdf.h">
      <Filter>source\bsdfs</Filter>
    </ClInclude>
    <ClInclude Include="..\source\bsdfs\emission-bxdf.h">
      <Filter>source\bsdfs</Filter>
    </ClInclude>
    <ClInclude Include="..\source\bsdfs\fresnel.h">
      <Filter>source\bsdfs</Filter>
    </ClInclude>
    <ClInclude Include="..\source\bsdfs\microfacet-brdf.h">
      <Filter>source\bsdfs</Filter>
    </ClInclude>
    <ClInclude Include="..\source\bsdfs\microfacet-btdf.h">
      <Filter>source\bsdfs</Filter>
    </ClInclude>
    <ClInclude Include="..\source\bsdfs\microfacet-distribution.h">
      <Filter>source\bsdfs</Filter>
    </ClInclude>
    <ClInclude Include="..\source\bsdfs\refraction-btdf.h">
      <Filter>source\bsdfs</Filter>
    </ClInclude>
    <ClInclude Include="..\source\bsdfs\specular-brdf.h">
      <Filter>source\bsdfs</Filter>
    </ClInclude>
    <ClInclude Include="..\source\cameras\camera.h">
      <Filter>source\cameras</Filter>
    </ClInclude>
    <ClInclude Include="..\source\cameras\camera-sample.h">
      <Filter>source\cameras</Filter>
    </ClInclude>
    <ClInclude Include="..\source\cameras\orthographic-camera.h">
      <Filter>source\cameras</Filter>
    </ClInclude>
    <ClInclude Include="..\source\cameras\perspective-camera.h">
      <Filter>source\cameras</Filter>
    </ClInclude>
    <ClInclude Include="..\source\cameras\projective-camera.h">
      <Filter>source\cameras</Filter>
    </ClInclude>
    <ClInclude Include="..\source\core\renderer.h">
      <Filter>source\core</Filter>
    </ClInclude>
    <ClInclude Include="..\source\core\render-settings.h">
      <Filter>source\core</Filter>
    </ClInclude>
    <ClInclude Include="..\source\core\scene.h">
      <Filter>source\core</Filter>
    </ClInclude>
    <ClInclude Include="..\source\entities\entity.h">
      <Filter>source\entities</Filter>
    </ClInclude>
    <ClInclude Include="..\source\entities\light-entity.h">
      <Filter>source\entities</Filter>
    </ClInclude>
    <ClInclude Include="..\source\film\film.h">
      <Filter>source\film</Filter>
    </ClInclude>
    <ClInclude Include="..\source\filters\box-filter.h">
      <Filter>source\filters</Filter>
    </ClInclude>
    <ClInclude Include="..\source\filters\filter.h">
      <Filter>source\filters</Filter>
    </ClInclude>
    <ClInclude Include="..\source\filters\gaussian-filter.h">
      <Filter>source\filters</Filter>
    </ClInclude>
    <ClInclude Include="..\source\filters\lanczos-filter.h">
      <Filter>source\filters</Filter>
    </ClInclude>
    <ClInclude Include="..\source\images\checkerboard-image.h">
      <Filter>source\images</Filter>
    </ClInclude>
    <ClInclude Include="..\source\images\image.h">
      <Filter>source\images</Filter>
    </ClInclude>
    <ClInclude Include="..\source\images\image-io.h">
      <Filter>source\images</Filter>
    </ClInclude>
    <ClInclude Include="..\source\images\mipmap.h">
      <Filter>source\images</Filter>
    </ClInclude>
    <ClInclude Include="..\source\integrators\direct-lighting-integrator.h">
      <Filter>source\integrators</Filter>
    </ClInclude>
    <ClInclude Include="..\source\integrators\film-sampling-integrator.h">
      <Filter>source\integrators</Filter>
    </ClInclude>
    <ClInclude Include="..\source\integrators\integrator.h">
      <Filter>source\integrators</Filter>
    </ClInclude>
    <ClInclude Include="..\source\integrators\path-integrator.h">
      <Filter>source\integrators</Filter>
    </ClInclude>
    <ClInclude Include="..\source\intersection\intersection.h">
      <Filter>source\intersection</Filter>
    </ClInclude>
    <ClInclude Include="..\source\intersection\ray.h">
      <Filter>source\intersection</Filter>
    </ClInclude>
    <ClInclude Include="..\source\intersection\surface-point.h">
      <Filter>source\intersection</Filter>
    </ClInclude>
    <ClInclude Include="..\source\lighting\light-sample.h">
      <Filter>source\lighting</Filter>
    </ClInclude>
    <ClInclude Include="..\source\lighting\skybox.h">
      <Filter>source\lighting</Filter>
    </ClInclude>
    <ClInclude Include="..\source\lighting\skybox-sample.h">
      <Filter>source\lighting</Filter>
    </ClInclude>
    <ClInclude Include="..\source\materials\emission-material.h">
      <Filter>source\materials</Filter>
    </ClInclude>
    <ClInclude Include="..\source\materials\glass-material.h">
      <Filter>source\materials</Filter>
    </ClInclude>
    <ClInclude Include="..\source\materials\material.h">
      <Filter>source\materials</Filter>
    </ClInclude>
    <ClInclude Include="..\source\materials\matte-material.h">
      <Filter>source\materials</Filter>
    </ClInclude>
    <ClInclude Include="..\source\materials\metal-material.h">
      <Filter>source\materials</Filter>
    </ClInclude>
    <ClInclude Include="..\source\materials\mirror-material.h">
      <Filter>source\materials</Filter>
    </ClInclude>
    <ClInclude Include="..\source\materials\plastic-material.h">
      <Filter>source\materials</Filter>
    </ClInclude>
    <ClInclude Include="..\source\materials\transparent-material.h">
      <Filter>source\materials</Filter>
    </ClInclude>
    <ClInclude Include="..\source\meshes\cube.h">
      <Filter>source\meshes</Filter>
    </ClInclude>
    <ClInclude Include="..\source\meshes\plane.h">
      <Filter>source\meshes</Filter>
    </ClInclude>
    <ClInclude Include="..\source\meshes\sphere.h">
      <Filter>source\meshes</Filter>
    </ClInclude>
    <ClInclude Include="..\source\meshes\triangle.h">
      <Filter>source\meshes</Filter>
    </ClInclude>
    <ClInclude Include="..\source\meshes\triangle-mesh.h">
      <Filter>source\meshes</Filter>
    </ClInclude>
    <ClInclude Include="..\source\meshes\vertex.h">
      <Filter>source\meshes</Filter>
    </ClInclude>
    <ClInclude Include="..\source\tools\constants.h">
      <Filter>source\tools</Filter>
    </ClInclude>
    <ClInclude Include="..\source\tools\primes.h">
      <Filter>source\tools</Filter>
    </ClInclude>
    <ClInclude Include="..\source\tools\random-generator.h">
      <Filter>source\tools</Filter>
    </ClInclude>
    <ClInclude Include="..\source\tools\shading-functions.h">
      <Filter>source\tools</Filter>
    </ClInclude>
    <ClInclude Include="..\source\tools\timing.h">
      <Filter>source\tools</Filter>
    </ClInclude>
    <ClInclude Include="..\source\tools\util.h">
      <Filter>source\tools</Filter>
    </ClInclude>
    <ClInclude Include="..\source\textures\color-texture.h">
      <Filter>source\textures</Filter>
    </ClInclude>
    <ClInclude Include="..\source\textures\image-texture.h">
      <Filter>source\textures</Filter>
    </ClInclude>
    <ClInclude Include="..\source\textures\texture.h">
      <Filter>source\textures</Filter>
    </ClInclude>
    <ClInclude Include="..\source\spectra\spectrum.h">
      <Filter>source\spectra</Filter>
    </ClInclude>
    <ClInclude Include="..\source\samplers\halton-sampler.h">
      <Filter>source\samplers</Filter>
    </ClInclude>
    <ClInclude Include="..\source\samplers\sample-2d.h">
      <Filter>source\samplers</Filter>
    </ClInclude>
    <ClInclude Include="..\source\samplers\sampler.h">
      <Filter>source\samplers</Filter>
    </ClInclude>
    <ClInclude Include="..\source\samplers\stohastic-sampler.h">
      <Filter>source\samplers</Filter>
    </ClInclude>
    <ClInclude Include="..\source\primitives\color.h">
      <Filter>source\primitives</Filter>
    </ClInclude>
    <ClInclude Include="..\source\primitives\matrix.h">
      <Filter>source\primitives</Filter>
    </ClInclude>
    <ClInclude Include="..\source\primitives\point.h">
      <Filter>source\primitives</Filter>
    </ClInclude>
    <ClInclude Include="..\source\primitives\transformation.h">
      <Filter>source\primitives</Filter>
    </ClInclude>
    <ClInclude Include="..\source\primitives\vector.h">
      <Filter>source\primitives</Filter>
    </ClInclude>
    <ClInclude Include="..\source\textures\bump-map.h">
      <Filter>source\textures</Filter>
    </ClInclude>
    <ClInclude Include="..\source\textures\height-map.h">
      <Filter>source\textures</Filter>
    </ClInclude>
    <ClInclude Include="..\source\meshes\mesh-loader.h">
      <Filter>source\meshes</Filter>
    </ClInclude>
    <ClInclude Include="..\source\intersection\entity-intersection.h">
      <Filter>source\intersection</Filter>
    </ClInclude>
  </ItemGroup>
  <ItemGroup>
    <ClCompile Include="..\source\accelerators\bb-accelerator.cpp">
      <Filter>source\accelerators</Filter>
    </ClCompile>
    <ClCompile Include="..\source\accelerators\bounding-box.cpp">
      <Filter>source\accelerators</Filter>
    </ClCompile>
    <ClCompile Include="..\source\bsdfs\bsdf.cpp">
      <Filter>source\bsdfs</Filter>
    </ClCompile>
    <ClCompile Include="..\source\bsdfs\bsdf-sample.cpp">
      <Filter>source\bsdfs</Filter>
    </ClCompile>
    <ClCompile Include="..\source\bsdfs\diffuse-brdf.cpp">
      <Filter>source\bsdfs</Filter>
    </ClCompile>
    <ClCompile Include="..\source\bsdfs\emission-bxdf.cpp">
      <Filter>source\bsdfs</Filter>
    </ClCompile>
    <ClCompile Include="..\source\bsdfs\fresnel.cpp">
      <Filter>source\bsdfs</Filter>
    </ClCompile>
    <ClCompile Include="..\source\bsdfs\microfacet-brdf.cpp">
      <Filter>source\bsdfs</Filter>
    </ClCompile>
    <ClCompile Include="..\source\bsdfs\microfacet-btdf.cpp">
      <Filter>source\bsdfs</Filter>
    </ClCompile>
    <ClCompile Include="..\source\bsdfs\microfacet-distribution.cpp">
      <Filter>source\bsdfs</Filter>
    </ClCompile>
    <ClCompile Include="..\source\bsdfs\refraction-btdf.cpp">
      <Filter>source\bsdfs</Filter>
    </ClCompile>
    <ClCompile Include="..\source\bsdfs\specular-brdf.cpp">
      <Filter>source\bsdfs</Filter>
    </ClCompile>
    <ClCompile Include="..\source\cameras\camera.cpp">
      <Filter>source\cameras</Filter>
    </ClCompile>
    <ClCompile Include="..\source\cameras\camera-sample.cpp">
      <Filter>source\cameras</Filter>
    </ClCompile>
    <ClCompile Include="..\source\cameras\orthographic-camera.cpp">
      <Filter>source\cameras</Filter>
    </ClCompile>
    <ClCompile Include="..\source\cameras\perspective-camera.cpp">
      <Filter>source\cameras</Filter>
    </ClCompile>
    <ClCompile Include="..\source\cameras\projective-camera.cpp">
      <Filter>source\cameras</Filter>
    </ClCompile>
    <ClCompile Include="..\source\core\renderer.cpp">
      <Filter>source\core</Filter>
    </ClCompile>
    <ClCompile Include="..\source\core\scene.cpp">
      <Filter>source\core</Filter>
    </ClCompile>
    <ClCompile Include="..\source\entities\light-entity.cpp">
      <Filter>source\entities</Filter>
    </ClCompile>
    <ClCompile Include="..\source\film\film.cpp">
      <Filter>source\film</Filter>
    </ClCompile>
    <ClCompile Include="..\source\filters\box-filter.cpp">
      <Filter>source\filters</Filter>
    </ClCompile>
    <ClCompile Include="..\source\filters\filter.cpp">
      <Filter>source\filters</Filter>
    </ClCompile>
    <ClCompile Include="..\source\filters\gaussian-filter.cpp">
      <Filter>source\filters</Filter>
    </ClCompile>
    <ClCompile Include="..\source\filters\lanczos-filter.cpp">
      <Filter>source\filters</Filter>
    </ClCompile>
    <ClCompile Include="..\source\images\checkerboard-image.cpp">
      <Filter>source\images</Filter>
    </ClCompile>
    <ClCompile Include="..\source\images\image.cpp">
      <Filter>source\images</Filter>
    </ClCompile>
    <ClCompile Include="..\source\images\image-io.cpp">
      <Filter>source\images</Filter>
    </ClCompile>
    <ClCompile Include="..\source\images\mipmap.cpp">
      <Filter>source\images</Filter>
    </ClCompile>
    <ClCompile Include="..\source\integrators\direct-lighting-integrator.cpp">
      <Filter>source\integrators</Filter>
    </ClCompile>
    <ClCompile Include="..\source\integrators\film-sampling-integrator.cpp">
      <Filter>source\integrators</Filter>
    </ClCompile>
    <ClCompile Include="..\source\integrators\integrator.cpp">
      <Filter>source\integrators</Filter>
    </ClCompile>
    <ClCompile Include="..\source\integrators\path-integrator.cpp">
      <Filter>source\integrators</Filter>
    </ClCompile>
    <ClCompile Include="..\source\intersection\intersection.cpp">
      <Filter>source\intersection</Filter>
    </ClCompile>
    <ClCompile Include="..\source\intersection\ray.cpp">
      <Filter>source\intersection</Filter>
    </ClCompile>
    <ClCompile Include="..\source\lighting\light-sample.cpp">
      <Filter>source\lighting</Filter>
    </ClCompile>
    <ClCompile Include="..\source\lighting\skybox.cpp">
      <Filter>source\lighting</Filter>
    </ClCompile>
    <ClCompile Include="..\source\lighting\skybox-sample.cpp">
      <Filter>source\lighting</Filter>
    </ClCompile>
    <ClCompile Include="..\source\materials\emission-material.cpp">
      <Filter>source\materials</Filter>
    </ClCompile>
    <ClCompile Include="..\source\materials\glass-material.cpp">
      <Filter>source\materials</Filter>
    </ClCompile>
    <ClCompile Include="..\source\materials\matte-material.cpp">
      <Filter>source\materials</Filter>
    </ClCompile>
    <ClCompile Include="..\source\materials\metal-material.cpp">
      <Filter>source\materials</Filter>
    </ClCompile>
    <ClCompile Include="..\source\materials\mirror-material.cpp">
      <Filter>source\materials</Filter>
    </ClCompile>
    <ClCompile Include="..\source\materials\plastic-material.cpp">
      <Filter>source\materials</Filter>
    </ClCompile>
    <ClCompile Include="..\source\materials\transparent-material.cpp">
      <Filter>source\materials</Filter>
    </ClCompile>
    <ClCompile Include="..\source\meshes\cube.cpp">
      <Filter>source\meshes</Filter>
    </ClCompile>
    <ClCompile Include="..\source\meshes\plane.cpp">
      <Filter>source\meshes</Filter>
    </ClCompile>
    <ClCompile Include="..\source\meshes\sphere.cpp">
      <Filter>source\meshes</Filter>
    </ClCompile>
    <ClCompile Include="..\source\meshes\triangle.cpp">
      <Filter>source\meshes</Filter>
    </ClCompile>
    <ClCompile Include="..\source\meshes\triangle-mesh.cpp">
      <Filter>source\meshes</Filter>
    </ClCompile>
    <ClCompile Include="..\source\tools\random-generator.cpp">
      <Filter>source\tools</Filter>
    </ClCompile>
    <ClCompile Include="..\source\tools\timing.cpp">
      <Filter>source\tools</Filter>
    </ClCompile>
    <ClCompile Include="..\source\textures\color-texture.cpp">
      <Filter>source\textures</Filter>
    </ClCompile>
    <ClCompile Include="..\source\textures\image-texture.cpp">
      <Filter>source\textures</Filter>
    </ClCompile>
    <ClCompile Include="..\source\samplers\halton-sampler.cpp">
      <Filter>source\samplers</Filter>
    </ClCompile>
    <ClCompile Include="..\source\samplers\sampler.cpp">
      <Filter>source\samplers</Filter>
    </ClCompile>
    <ClCompile Include="..\source\samplers\stohastic-sampler.cpp">
      <Filter>source\samplers</Filter>
    </ClCompile>
    <ClCompile Include="..\source\primitives\color.cpp">
      <Filter>source\primitives</Filter>
    </ClCompile>
    <ClCompile Include="..\source\primitives\transformation.cpp">
      <Filter>source\primitives</Filter>
    </ClCompile>
    <ClCompile Include="..\examples\example-0.cpp">
      <Filter>examples</Filter>
    </ClCompile>
    <ClCompile Include="..\source\materials\material.cpp">
      <Filter>source\materials</Filter>
    </ClCompile>
    <ClCompile Include="..\source\textures\height-map.cpp">
      <Filter>source\textures</Filter>
    </ClCompile>
    <ClCompile Include="..\source\spectra\spectrum.cpp">
      <Filter>source\spectra</Filter>
    </ClCompile>
    <ClCompile Include="..\source\meshes\mesh-loader.cpp">
      <Filter>source\meshes</Filter>
    </ClCompile>
    <ClCompile Include="..\source\ggr.cpp">
      <Filter>source</Filter>
    </ClCompile>
    <ClCompile Include="..\source\entities\entity.cpp">
      <Filter>source\entities</Filter>
    </ClCompile>
  </ItemGroup>
</Project>